{
    "name": "background-online",
    "version": "2.0.3",
    "lockfileVersion": 2,
    "requires": true,
    "packages": {
        "": {
            "name": "background-online",
            "version": "2.0.3",
            "hasInstallScript": true,
            "license": "ISC",
            "dependencies": {
                "node-fetch": "^2.6.12"
            },
            "devDependencies": {
                "@types/mocha": "^5.2.7",
                "@types/node": "^12.20.42",
                "@types/node-fetch": "^2.6.4",
                "typescript": "^4.5.4",
                "vscode": "^1.1.37"
            },
            "engines": {
                "vscode": "^1.38.0"
            }
        },
        "node_modules/@tootallnate/once": {
            "version": "1.1.2",
            "dev": true,
            "license": "MIT",
            "engines": {
                "node": ">= 6"
            }
        },
        "node_modules/@types/mocha": {
            "version": "5.2.7",
            "dev": true,
            "license": "MIT"
        },
        "node_modules/@types/node": {
            "version": "12.20.55",
            "dev": true,
            "license": "MIT"
        },
        "node_modules/@types/node-fetch": {
            "version": "2.6.11",
            "dev": true,
            "license": "MIT",
            "dependencies": {
                "@types/node": "*",
                "form-data": "^4.0.0"
            }
        },
        "node_modules/@types/node-fetch/node_modules/@types/node": {
            "version": "22.8.4",
            "dev": true,
            "license": "MIT",
            "dependencies": {
                "undici-types": "~6.19.8"
            }
        },
        "node_modules/agent-base": {
            "version": "4.3.0",
            "dev": true,
            "license": "MIT",
            "dependencies": {
                "es6-promisify": "^5.0.0"
            },
            "engines": {
                "node": ">= 4.0.0"
            }
        },
        "node_modules/asynckit": {
            "version": "0.4.0",
            "dev": true,
            "license": "MIT"
        },
        "node_modules/balanced-match": {
            "version": "1.0.2",
            "dev": true,
            "license": "MIT"
        },
        "node_modules/brace-expansion": {
            "version": "1.1.11",
            "dev": true,
            "license": "MIT",
            "dependencies": {
                "balanced-match": "^1.0.0",
                "concat-map": "0.0.1"
            }
        },
        "node_modules/browser-stdout": {
            "version": "1.3.1",
            "dev": true,
            "license": "ISC"
        },
        "node_modules/buffer-from": {
            "version": "1.1.2",
            "dev": true,
            "license": "MIT"
        },
        "node_modules/combined-stream": {
            "version": "1.0.8",
            "dev": true,
            "license": "MIT",
            "dependencies": {
                "delayed-stream": "~1.0.0"
            },
            "engines": {
                "node": ">= 0.8"
            }
        },
        "node_modules/commander": {
            "version": "2.15.1",
            "dev": true,
            "license": "MIT"
        },
        "node_modules/concat-map": {
            "version": "0.0.1",
            "dev": true,
            "license": "MIT"
        },
        "node_modules/debug": {
            "version": "4.3.7",
            "dev": true,
            "license": "MIT",
            "dependencies": {
                "ms": "^2.1.3"
            },
            "engines": {
                "node": ">=6.0"
            },
            "peerDependenciesMeta": {
                "supports-color": {
                    "optional": true
                }
            }
        },
        "node_modules/delayed-stream": {
            "version": "1.0.0",
            "dev": true,
            "license": "MIT",
            "engines": {
                "node": ">=0.4.0"
            }
        },
        "node_modules/diff": {
            "version": "3.5.0",
            "dev": true,
            "license": "BSD-3-Clause",
            "engines": {
                "node": ">=0.3.1"
            }
        },
        "node_modules/es6-promise": {
            "version": "4.2.8",
            "dev": true,
            "license": "MIT"
        },
        "node_modules/es6-promisify": {
            "version": "5.0.0",
            "dev": true,
            "license": "MIT",
            "dependencies": {
                "es6-promise": "^4.0.3"
            }
        },
        "node_modules/escape-string-regexp": {
            "version": "1.0.5",
            "dev": true,
            "license": "MIT",
            "engines": {
                "node": ">=0.8.0"
            }
        },
        "node_modules/form-data": {
            "version": "4.0.1",
            "dev": true,
            "license": "MIT",
            "dependencies": {
                "asynckit": "^0.4.0",
                "combined-stream": "^1.0.8",
                "mime-types": "^2.1.12"
            },
            "engines": {
                "node": ">= 6"
            }
        },
        "node_modules/fs.realpath": {
            "version": "1.0.0",
            "dev": true,
            "license": "ISC"
        },
        "node_modules/glob": {
            "version": "7.2.3",
            "dev": true,
            "license": "ISC",
            "dependencies": {
                "fs.realpath": "^1.0.0",
                "inflight": "^1.0.4",
                "inherits": "2",
                "minimatch": "^3.1.1",
                "once": "^1.3.0",
                "path-is-absolute": "^1.0.0"
            },
            "engines": {
                "node": "*"
            },
            "funding": {
                "url": "https://github.com/sponsors/isaacs"
            }
        },
        "node_modules/growl": {
            "version": "1.10.5",
            "dev": true,
            "license": "MIT",
            "engines": {
                "node": ">=4.x"
            }
        },
        "node_modules/has-flag": {
            "version": "3.0.0",
            "dev": true,
            "license": "MIT",
            "engines": {
                "node": ">=4"
            }
        },
        "node_modules/he": {
            "version": "1.1.1",
            "dev": true,
            "license": "MIT",
            "bin": {
                "he": "bin/he"
            }
        },
        "node_modules/http-proxy-agent": {
            "version": "4.0.1",
            "dev": true,
            "license": "MIT",
            "dependencies": {
                "@tootallnate/once": "1",
                "agent-base": "6",
                "debug": "4"
            },
            "engines": {
                "node": ">= 6"
            }
        },
        "node_modules/http-proxy-agent/node_modules/agent-base": {
            "version": "6.0.2",
            "dev": true,
            "license": "MIT",
            "dependencies": {
                "debug": "4"
            },
            "engines": {
                "node": ">= 6.0.0"
            }
        },
        "node_modules/https-proxy-agent": {
            "version": "5.0.1",
            "dev": true,
            "license": "MIT",
            "dependencies": {
                "agent-base": "6",
                "debug": "4"
            },
            "engines": {
                "node": ">= 6"
            }
        },
        "node_modules/https-proxy-agent/node_modules/agent-base": {
            "version": "6.0.2",
            "dev": true,
            "license": "MIT",
            "dependencies": {
                "debug": "4"
            },
            "engines": {
                "node": ">= 6.0.0"
            }
        },
        "node_modules/inflight": {
            "version": "1.0.6",
            "dev": true,
            "license": "ISC",
            "dependencies": {
                "once": "^1.3.0",
                "wrappy": "1"
            }
        },
        "node_modules/inherits": {
            "version": "2.0.4",
            "dev": true,
            "license": "ISC"
        },
        "node_modules/mime-db": {
            "version": "1.52.0",
            "dev": true,
            "license": "MIT",
            "engines": {
                "node": ">= 0.6"
            }
        },
        "node_modules/mime-types": {
            "version": "2.1.35",
            "dev": true,
            "license": "MIT",
            "dependencies": {
                "mime-db": "1.52.0"
            },
            "engines": {
                "node": ">= 0.6"
            }
        },
        "node_modules/minimatch": {
            "version": "3.1.2",
            "dev": true,
            "license": "ISC",
            "dependencies": {
                "brace-expansion": "^1.1.7"
            },
            "engines": {
                "node": "*"
            }
        },
        "node_modules/minimist": {
            "version": "0.0.8",
            "dev": true,
            "license": "MIT"
        },
        "node_modules/mkdirp": {
            "version": "0.5.1",
            "dev": true,
            "license": "MIT",
            "dependencies": {
                "minimist": "0.0.8"
            },
            "bin": {
                "mkdirp": "bin/cmd.js"
            }
        },
        "node_modules/mocha": {
            "version": "5.2.0",
            "dev": true,
            "license": "MIT",
            "dependencies": {
                "browser-stdout": "1.3.1",
                "commander": "2.15.1",
                "debug": "3.1.0",
                "diff": "3.5.0",
                "escape-string-regexp": "1.0.5",
                "glob": "7.1.2",
                "growl": "1.10.5",
                "he": "1.1.1",
                "minimatch": "3.0.4",
                "mkdirp": "0.5.1",
                "supports-color": "5.4.0"
            },
            "bin": {
                "_mocha": "bin/_mocha",
                "mocha": "bin/mocha"
            },
            "engines": {
                "node": ">= 4.0.0"
            }
        },
        "node_modules/mocha/node_modules/debug": {
            "version": "3.1.0",
            "dev": true,
            "license": "MIT",
            "dependencies": {
                "ms": "2.0.0"
            }
        },
        "node_modules/mocha/node_modules/glob": {
            "version": "7.1.2",
            "dev": true,
            "license": "ISC",
            "dependencies": {
                "fs.realpath": "^1.0.0",
                "inflight": "^1.0.4",
                "inherits": "2",
                "minimatch": "^3.0.4",
                "once": "^1.3.0",
                "path-is-absolute": "^1.0.0"
            },
            "engines": {
                "node": "*"
            }
        },
        "node_modules/mocha/node_modules/glob/node_modules/minimatch": {
            "version": "3.1.2",
            "dev": true,
            "license": "ISC",
            "dependencies": {
                "brace-expansion": "^1.1.7"
            },
            "engines": {
                "node": "*"
            }
        },
        "node_modules/mocha/node_modules/minimatch": {
            "version": "3.0.4",
            "dev": true,
            "license": "ISC",
            "dependencies": {
                "brace-expansion": "^1.1.7"
            },
            "engines": {
                "node": "*"
            }
        },
        "node_modules/mocha/node_modules/ms": {
            "version": "2.0.0",
            "dev": true,
            "license": "MIT"
        },
        "node_modules/ms": {
            "version": "2.1.3",
            "dev": true,
            "license": "MIT"
        },
        "node_modules/node-fetch": {
            "version": "2.7.0",
            "license": "MIT",
            "dependencies": {
                "whatwg-url": "^5.0.0"
            },
            "engines": {
                "node": "4.x || >=6.0.0"
            },
            "peerDependencies": {
                "encoding": "^0.1.0"
            },
            "peerDependenciesMeta": {
                "encoding": {
                    "optional": true
                }
            }
        },
        "node_modules/once": {
            "version": "1.4.0",
            "dev": true,
            "license": "ISC",
            "dependencies": {
                "wrappy": "1"
            }
        },
        "node_modules/path-is-absolute": {
            "version": "1.0.1",
            "dev": true,
            "license": "MIT",
            "engines": {
                "node": ">=0.10.0"
            }
        },
        "node_modules/semver": {
            "version": "5.7.2",
            "dev": true,
            "license": "ISC",
            "bin": {
                "semver": "bin/semver"
            }
        },
        "node_modules/source-map": {
            "version": "0.6.1",
            "dev": true,
            "license": "BSD-3-Clause",
            "engines": {
                "node": ">=0.10.0"
            }
        },
        "node_modules/source-map-support": {
            "version": "0.5.21",
            "dev": true,
            "license": "MIT",
            "dependencies": {
                "buffer-from": "^1.0.0",
                "source-map": "^0.6.0"
            }
        },
        "node_modules/supports-color": {
            "version": "5.4.0",
            "dev": true,
            "license": "MIT",
            "dependencies": {
                "has-flag": "^3.0.0"
            },
            "engines": {
                "node": ">=4"
            }
        },
        "node_modules/tr46": {
            "version": "0.0.3",
            "license": "MIT"
        },
        "node_modules/typescript": {
            "version": "4.9.5",
            "dev": true,
            "license": "Apache-2.0",
            "bin": {
                "tsc": "bin/tsc",
                "tsserver": "bin/tsserver"
            },
            "engines": {
                "node": ">=4.2.0"
            }
        },
        "node_modules/undici-types": {
            "version": "6.19.8",
            "dev": true,
            "license": "MIT"
        },
        "node_modules/vscode": {
            "version": "1.1.37",
            "dev": true,
            "license": "MIT",
            "dependencies": {
                "glob": "^7.1.2",
                "http-proxy-agent": "^4.0.1",
                "https-proxy-agent": "^5.0.0",
                "mocha": "^5.2.0",
                "semver": "^5.4.1",
                "source-map-support": "^0.5.0",
                "vscode-test": "^0.4.1"
            },
            "bin": {
                "vscode-install": "bin/install"
            },
            "engines": {
                "node": ">=8.9.3"
            }
        },
        "node_modules/vscode-test": {
            "version": "0.4.3",
            "dev": true,
            "license": "MIT",
            "dependencies": {
                "http-proxy-agent": "^2.1.0",
                "https-proxy-agent": "^2.2.1"
            },
            "engines": {
                "node": ">=8.9.3"
            }
        },
        "node_modules/vscode-test/node_modules/debug": {
            "version": "3.1.0",
            "dev": true,
            "license": "MIT",
            "dependencies": {
                "ms": "2.0.0"
            }
        },
        "node_modules/vscode-test/node_modules/http-proxy-agent": {
            "version": "2.1.0",
            "dev": true,
            "license": "MIT",
            "dependencies": {
                "agent-base": "4",
                "debug": "3.1.0"
            },
            "engines": {
                "node": ">= 4.5.0"
            }
        },
        "node_modules/vscode-test/node_modules/https-proxy-agent": {
            "version": "2.2.4",
            "dev": true,
            "license": "MIT",
            "dependencies": {
                "agent-base": "^4.3.0",
                "debug": "^3.1.0"
            },
            "engines": {
                "node": ">= 4.5.0"
            }
        },
        "node_modules/vscode-test/node_modules/https-proxy-agent/node_modules/debug": {
            "version": "3.2.7",
            "dev": true,
            "license": "MIT",
            "dependencies": {
                "ms": "^2.1.1"
            }
        },
        "node_modules/vscode-test/node_modules/https-proxy-agent/node_modules/ms": {
            "version": "2.1.3",
            "dev": true,
            "license": "MIT"
        },
        "node_modules/vscode-test/node_modules/ms": {
            "version": "2.0.0",
            "dev": true,
            "license": "MIT"
        },
        "node_modules/webidl-conversions": {
            "version": "3.0.1",
            "license": "BSD-2-Clause"
        },
        "node_modules/whatwg-url": {
            "version": "5.0.0",
            "license": "MIT",
            "dependencies": {
                "tr46": "~0.0.3",
                "webidl-conversions": "^3.0.0"
            }
        },
        "node_modules/wrappy": {
            "version": "1.0.2",
            "dev": true,
            "license": "ISC"
        }
    },
    "dependencies": {
        "@tootallnate/once": {
            "version": "1.1.2",
            "dev": true
        },
        "@types/mocha": {
            "version": "5.2.7",
            "dev": true
        },
        "@types/node": {
            "version": "12.20.55",
            "dev": true
        },
        "@types/node-fetch": {
            "version": "2.6.11",
            "dev": true,
            "requires": {
                "@types/node": "*",
                "form-data": "^4.0.0"
            },
            "dependencies": {
                "@types/node": {
                    "version": "22.8.4",
                    "dev": true,
                    "requires": {
                        "undici-types": "~6.19.8"
                    }
                }
            }
        },
        "agent-base": {
            "version": "4.3.0",
            "dev": true,
            "requires": {
                "es6-promisify": "^5.0.0"
            }
        },
        "asynckit": {
            "version": "0.4.0",
            "dev": true
        },
        "balanced-match": {
            "version": "1.0.2",
            "dev": true
        },
        "brace-expansion": {
            "version": "1.1.11",
            "dev": true,
            "requires": {
                "balanced-match": "^1.0.0",
                "concat-map": "0.0.1"
            }
        },
        "browser-stdout": {
            "version": "1.3.1",
            "dev": true
        },
        "buffer-from": {
            "version": "1.1.2",
            "dev": true
        },
        "combined-stream": {
            "version": "1.0.8",
            "dev": true,
            "requires": {
                "delayed-stream": "~1.0.0"
            }
        },
        "commander": {
            "version": "2.15.1",
            "dev": true
        },
        "concat-map": {
            "version": "0.0.1",
            "dev": true
        },
        "debug": {
            "version": "4.3.7",
            "dev": true,
            "requires": {
                "ms": "^2.1.3"
            }
        },
        "delayed-stream": {
            "version": "1.0.0",
            "dev": true
        },
        "diff": {
            "version": "3.5.0",
            "dev": true
        },
        "es6-promise": {
            "version": "4.2.8",
            "dev": true
        },
        "es6-promisify": {
            "version": "5.0.0",
            "dev": true,
            "requires": {
                "es6-promise": "^4.0.3"
            }
        },
        "escape-string-regexp": {
            "version": "1.0.5",
            "dev": true
        },
        "form-data": {
            "version": "4.0.1",
            "dev": true,
            "requires": {
                "asynckit": "^0.4.0",
                "combined-stream": "^1.0.8",
                "mime-types": "^2.1.12"
            }
        },
        "fs.realpath": {
            "version": "1.0.0",
            "dev": true
        },
        "glob": {
            "version": "7.2.3",
            "dev": true,
            "requires": {
                "fs.realpath": "^1.0.0",
                "inflight": "^1.0.4",
                "inherits": "2",
                "minimatch": "^3.1.1",
                "once": "^1.3.0",
                "path-is-absolute": "^1.0.0"
            }
        },
        "growl": {
            "version": "1.10.5",
            "dev": true
        },
        "has-flag": {
            "version": "3.0.0",
            "dev": true
        },
        "he": {
            "version": "1.1.1",
            "dev": true
        },
        "http-proxy-agent": {
            "version": "4.0.1",
            "dev": true,
            "requires": {
                "@tootallnate/once": "1",
                "agent-base": "6",
                "debug": "4"
            },
            "dependencies": {
                "agent-base": {
                    "version": "6.0.2",
                    "dev": true,
                    "requires": {
                        "debug": "4"
                    }
                }
            }
        },
        "https-proxy-agent": {
            "version": "5.0.1",
            "dev": true,
            "requires": {
                "agent-base": "6",
                "debug": "4"
            },
            "dependencies": {
                "agent-base": {
                    "version": "6.0.2",
                    "dev": true,
                    "requires": {
                        "debug": "4"
                    }
                }
            }
        },
        "inflight": {
            "version": "1.0.6",
            "dev": true,
            "requires": {
                "once": "^1.3.0",
                "wrappy": "1"
            }
        },
        "inherits": {
            "version": "2.0.4",
            "dev": true
        },
        "mime-db": {
            "version": "1.52.0",
            "dev": true
        },
        "mime-types": {
            "version": "2.1.35",
            "dev": true,
            "requires": {
                "mime-db": "1.52.0"
            }
        },
        "minimatch": {
            "version": "3.1.2",
            "dev": true,
            "requires": {
                "brace-expansion": "^1.1.7"
            }
        },
        "minimist": {
            "version": "0.0.8",
            "dev": true
        },
        "mkdirp": {
            "version": "0.5.1",
            "dev": true,
            "requires": {
                "minimist": "0.0.8"
            }
        },
        "mocha": {
            "version": "5.2.0",
            "dev": true,
            "requires": {
                "browser-stdout": "1.3.1",
                "commander": "2.15.1",
                "debug": "3.1.0",
                "diff": "3.5.0",
                "escape-string-regexp": "1.0.5",
                "glob": "7.1.2",
                "growl": "1.10.5",
                "he": "1.1.1",
                "minimatch": "3.0.4",
                "mkdirp": "0.5.1",
                "supports-color": "5.4.0"
            },
            "dependencies": {
                "debug": {
                    "version": "3.1.0",
                    "dev": true,
                    "requires": {
                        "ms": "2.0.0"
                    }
                },
                "glob": {
                    "version": "7.1.2",
                    "dev": true,
                    "requires": {
                        "fs.realpath": "^1.0.0",
                        "inflight": "^1.0.4",
                        "inherits": "2",
                        "minimatch": "^3.0.4",
                        "once": "^1.3.0",
                        "path-is-absolute": "^1.0.0"
                    },
                    "dependencies": {
                        "minimatch": {
                            "version": "3.1.2",
                            "dev": true,
                            "requires": {
                                "brace-expansion": "^1.1.7"
                            }
                        }
                    }
                },
                "minimatch": {
                    "version": "3.0.4",
                    "dev": true,
                    "requires": {
                        "brace-expansion": "^1.1.7"
                    }
                },
                "ms": {
                    "version": "2.0.0",
                    "dev": true
                }
            }
        },
        "ms": {
            "version": "2.1.3",
            "dev": true
        },
        "node-fetch": {
            "version": "2.7.0",
            "requires": {
                "whatwg-url": "^5.0.0"
            }
        },
        "once": {
            "version": "1.4.0",
            "dev": true,
            "requires": {
                "wrappy": "1"
            }
        },
        "path-is-absolute": {
            "version": "1.0.1",
            "dev": true
        },
        "semver": {
            "version": "5.7.2",
            "dev": true
        },
        "source-map": {
            "version": "0.6.1",
            "dev": true
        },
        "source-map-support": {
            "version": "0.5.21",
            "dev": true,
            "requires": {
                "buffer-from": "^1.0.0",
                "source-map": "^0.6.0"
            }
        },
        "supports-color": {
            "version": "5.4.0",
            "dev": true,
            "requires": {
                "has-flag": "^3.0.0"
            }
        },
        "tr46": {
            "version": "0.0.3"
        },
        "typescript": {
            "version": "4.9.5",
            "dev": true
        },
        "undici-types": {
            "version": "6.19.8",
            "dev": true
        },
        "vscode": {
            "version": "1.1.37",
            "dev": true,
            "requires": {
                "glob": "^7.1.2",
                "http-proxy-agent": "^4.0.1",
                "https-proxy-agent": "^5.0.0",
                "mocha": "^5.2.0",
                "semver": "^5.4.1",
                "source-map-support": "^0.5.0",
                "vscode-test": "^0.4.1"
            }
        },
        "vscode-test": {
            "version": "0.4.3",
            "dev": true,
            "requires": {
                "http-proxy-agent": "^2.1.0",
                "https-proxy-agent": "^2.2.1"
            },
            "dependencies": {
                "debug": {
                    "version": "3.1.0",
                    "dev": true,
                    "requires": {
                        "ms": "2.0.0"
                    }
                },
                "http-proxy-agent": {
                    "version": "2.1.0",
                    "dev": true,
                    "requires": {
                        "agent-base": "4",
                        "debug": "3.1.0"
                    }
                },
                "https-proxy-agent": {
                    "version": "2.2.4",
                    "dev": true,
                    "requires": {
                        "agent-base": "^4.3.0",
                        "debug": "^3.1.0"
                    },
                    "dependencies": {
                        "debug": {
                            "version": "3.2.7",
                            "dev": true,
                            "requires": {
                                "ms": "^2.1.1"
                            }
                        },
                        "ms": {
                            "version": "2.1.3",
                            "dev": true
                        }
                    }
                },
                "ms": {
                    "version": "2.0.0",
                    "dev": true
                }
            }
        },
        "webidl-conversions": {
            "version": "3.0.1"
        },
        "whatwg-url": {
            "version": "5.0.0",
            "requires": {
                "tr46": "~0.0.3",
                "webidl-conversions": "^3.0.0"
            }
        },
        "wrappy": {
            "version": "1.0.2",
            "dev": true
        }
    }
}
